
Microsoft Visual Studio Solution File, Format Version 12.00
# Visual Studio Version 16
VisualStudioVersion = 16.0.31515.178
MinimumVisualStudioVersion = 10.0.40219.1
Project("{F184B08F-C81C-45F6-A57F-5ABD9991F28F}") = "EntityHandler v0.3a", "EntityHandler v0.3a.vbproj", "{57BC3C8C-D954-42AD-8B0A-F5BF46FF026E}"
EndProject
Global
	GlobalSection(SolutionConfigurationPlatforms) = preSolution
		Debug|Any CPU = Debug|Any CPU
		Release|Any CPU = Release|Any CPU
	EndGlobalSection
	GlobalSection(ProjectConfigurationPlatforms) = postSolution
		{57BC3C8C-D954-42AD-8B0A-F5BF46FF026E}.Debug|Any CPU.ActiveCfg = Debug|Any CPU
		{57BC3C8C-D954-42AD-8B0A-F5BF46FF026E}.Debug|Any CPU.Build.0 = Debug|Any CPU
		{57BC3C8C-D954-42AD-8B0A-F5BF46FF026E}.Release|Any CPU.ActiveCfg = Release|Any CPU
		{57BC3C8C-D954-42AD-8B0A-F5BF46FF026E}.Release|Any CPU.Build.0 = Release|Any CPU
	EndGlobalSection
	GlobalSection(SolutionProperties) = preSolution
		HideSolutionNode = FALSE
	EndGlobalSection
	GlobalSection(ExtensibilityGlobals) = postSolution
		SolutionGuid = {2CC66EB8-43D1-4E76-A073-CFFB2BFD2506}
	EndGlobalSection
EndGlobal
